
Microsoft Visual Studio Solution File, Format Version 12.00
Project("{FAE04EC0-301F-11D3-BF4B-00C04F79EFBC}") = "Scheduler_1", "Scheduler_1\Scheduler_1.csproj", "{88910A0A-1317-431F-BCEC-1D1CB27F70F2}"
EndProject
Project("{FAE04EC0-301F-11D3-BF4B-00C04F79EFBC}") = "Scheduler_1.Tests", "Scheduler_1.Tests\Scheduler_1.Tests.csproj", "{232461A2-52BF-45A0-BD52-BDE391B6E5D9}"
EndProject
Global
	GlobalSection(SolutionConfigurationPlatforms) = preSolution
		Debug|Any CPU = Debug|Any CPU
		Release|Any CPU = Release|Any CPU
	EndGlobalSection
	GlobalSection(ProjectConfigurationPlatforms) = postSolution
		{88910A0A-1317-431F-BCEC-1D1CB27F70F2}.Debug|Any CPU.ActiveCfg = Debug|Any CPU
		{88910A0A-1317-431F-BCEC-1D1CB27F70F2}.Debug|Any CPU.Build.0 = Debug|Any CPU
		{88910A0A-1317-431F-BCEC-1D1CB27F70F2}.Release|Any CPU.ActiveCfg = Release|Any CPU
		{88910A0A-1317-431F-BCEC-1D1CB27F70F2}.Release|Any CPU.Build.0 = Release|Any CPU
		{232461A2-52BF-45A0-BD52-BDE391B6E5D9}.Debug|Any CPU.ActiveCfg = Debug|Any CPU
		{232461A2-52BF-45A0-BD52-BDE391B6E5D9}.Debug|Any CPU.Build.0 = Debug|Any CPU
		{232461A2-52BF-45A0-BD52-BDE391B6E5D9}.Release|Any CPU.ActiveCfg = Release|Any CPU
		{232461A2-52BF-45A0-BD52-BDE391B6E5D9}.Release|Any CPU.Build.0 = Release|Any CPU
	EndGlobalSection
EndGlobal
